
Microsoft Visual Studio Solution File, Format Version 12.00
# Visual Studio Version 16
VisualStudioVersion = 16.0.32901.82
MinimumVisualStudioVersion = 10.0.40219.1
Project("{FAE04EC0-301F-11D3-BF4B-00C04F79EFBC}") = "WPFAerodrom", "WPFAerodrom\WPFAerodrom.csproj", "{9DF9EF16-A222-4C0D-95BE-9A0237438E62}"
EndProject
Global
	GlobalSection(SolutionConfigurationPlatforms) = preSolution
		Debug|Any CPU = Debug|Any CPU
		Release|Any CPU = Release|Any CPU
	EndGlobalSection
	GlobalSection(ProjectConfigurationPlatforms) = postSolution
		{9DF9EF16-A222-4C0D-95BE-9A0237438E62}.Debug|Any CPU.ActiveCfg = Debug|Any CPU
		{9DF9EF16-A222-4C0D-95BE-9A0237438E62}.Debug|Any CPU.Build.0 = Debug|Any CPU
		{9DF9EF16-A222-4C0D-95BE-9A0237438E62}.Release|Any CPU.ActiveCfg = Release|Any CPU
		{9DF9EF16-A222-4C0D-95BE-9A0237438E62}.Release|Any CPU.Build.0 = Release|Any CPU
	EndGlobalSection
	GlobalSection(SolutionProperties) = preSolution
		HideSolutionNode = FALSE
	EndGlobalSection
	GlobalSection(ExtensibilityGlobals) = postSolution
		SolutionGuid = {665C0A96-DEAB-4D12-BC75-97C099A9BBAC}
	EndGlobalSection
EndGlobal
